
Microsoft Visual Studio Solution File, Format Version 12.00
# Visual Studio Version 17
VisualStudioVersion = 17.0.31903.59
MinimumVisualStudioVersion = 10.0.40219.1
Project("{FAE04EC0-301F-11D3-BF4B-00C04F79EFBC}") = "Brainshaker.Unit", "tests\Brainshaker.Unit\Brainshaker.Unit.csproj", "{F1D372D4-C391-426D-A37A-FE7FA25729CC}"
EndProject
Project("{2150E333-8FDC-42A3-9474-1A3956D46DE8}") = "tests", "tests", "{B028DC2E-99B8-4C16-BB0A-E0F5261DE071}"
EndProject
Project("{FAE04EC0-301F-11D3-BF4B-00C04F79EFBC}") = "Brainshaker.Integration", "tests\Brainshaker.Integration\Brainshaker.Integration.csproj", "{BD01E69E-28AD-4815-A478-BCC90915C368}"
EndProject
Project("{2150E333-8FDC-42A3-9474-1A3956D46DE8}") = "src", "src", "{C68BD6D5-01E0-49C4-BF52-8ADCC21D6BAE}"
EndProject
Project("{FAE04EC0-301F-11D3-BF4B-00C04F79EFBC}") = "Brainshaker.Api", "src\Brainshaker.Api\Brainshaker.Api.csproj", "{E0B7F88D-F5AB-492F-A517-BB869BB49A44}"
EndProject
Project("{FAE04EC0-301F-11D3-BF4B-00C04F79EFBC}") = "Brainshaker.App", "src\Brainshaker.App\Brainshaker.App.csproj", "{FB984896-F659-4E95-96C6-EE127868103F}"
EndProject
Project("{FAE04EC0-301F-11D3-BF4B-00C04F79EFBC}") = "Brainshaker.Domain", "src\Brainshaker.Domain\Brainshaker.Domain.csproj", "{9185F64B-2751-4C62-9006-BD5E59DB295A}"
EndProject
Project("{FAE04EC0-301F-11D3-BF4B-00C04F79EFBC}") = "Brainshaker.Infra", "src\Brainshaker.Infra\Brainshaker.Infra.csproj", "{BCBA3790-24FC-4833-857E-35212E8D4623}"
EndProject
Global
	GlobalSection(SolutionConfigurationPlatforms) = preSolution
		Debug|Any CPU = Debug|Any CPU
		Release|Any CPU = Release|Any CPU
	EndGlobalSection
	GlobalSection(SolutionProperties) = preSolution
		HideSolutionNode = FALSE
	EndGlobalSection
	GlobalSection(ProjectConfigurationPlatforms) = postSolution
		{F1D372D4-C391-426D-A37A-FE7FA25729CC}.Debug|Any CPU.ActiveCfg = Debug|Any CPU
		{F1D372D4-C391-426D-A37A-FE7FA25729CC}.Debug|Any CPU.Build.0 = Debug|Any CPU
		{F1D372D4-C391-426D-A37A-FE7FA25729CC}.Release|Any CPU.ActiveCfg = Release|Any CPU
		{F1D372D4-C391-426D-A37A-FE7FA25729CC}.Release|Any CPU.Build.0 = Release|Any CPU
		{BD01E69E-28AD-4815-A478-BCC90915C368}.Debug|Any CPU.ActiveCfg = Debug|Any CPU
		{BD01E69E-28AD-4815-A478-BCC90915C368}.Debug|Any CPU.Build.0 = Debug|Any CPU
		{BD01E69E-28AD-4815-A478-BCC90915C368}.Release|Any CPU.ActiveCfg = Release|Any CPU
		{BD01E69E-28AD-4815-A478-BCC90915C368}.Release|Any CPU.Build.0 = Release|Any CPU
		{E0B7F88D-F5AB-492F-A517-BB869BB49A44}.Debug|Any CPU.ActiveCfg = Debug|Any CPU
		{E0B7F88D-F5AB-492F-A517-BB869BB49A44}.Debug|Any CPU.Build.0 = Debug|Any CPU
		{E0B7F88D-F5AB-492F-A517-BB869BB49A44}.Release|Any CPU.ActiveCfg = Release|Any CPU
		{E0B7F88D-F5AB-492F-A517-BB869BB49A44}.Release|Any CPU.Build.0 = Release|Any CPU
		{FB984896-F659-4E95-96C6-EE127868103F}.Debug|Any CPU.ActiveCfg = Debug|Any CPU
		{FB984896-F659-4E95-96C6-EE127868103F}.Debug|Any CPU.Build.0 = Debug|Any CPU
		{FB984896-F659-4E95-96C6-EE127868103F}.Release|Any CPU.ActiveCfg = Release|Any CPU
		{FB984896-F659-4E95-96C6-EE127868103F}.Release|Any CPU.Build.0 = Release|Any CPU
		{9185F64B-2751-4C62-9006-BD5E59DB295A}.Debug|Any CPU.ActiveCfg = Debug|Any CPU
		{9185F64B-2751-4C62-9006-BD5E59DB295A}.Debug|Any CPU.Build.0 = Debug|Any CPU
		{9185F64B-2751-4C62-9006-BD5E59DB295A}.Release|Any CPU.ActiveCfg = Release|Any CPU
		{9185F64B-2751-4C62-9006-BD5E59DB295A}.Release|Any CPU.Build.0 = Release|Any CPU
		{BCBA3790-24FC-4833-857E-35212E8D4623}.Debug|Any CPU.ActiveCfg = Debug|Any CPU
		{BCBA3790-24FC-4833-857E-35212E8D4623}.Debug|Any CPU.Build.0 = Debug|Any CPU
		{BCBA3790-24FC-4833-857E-35212E8D4623}.Release|Any CPU.ActiveCfg = Release|Any CPU
		{BCBA3790-24FC-4833-857E-35212E8D4623}.Release|Any CPU.Build.0 = Release|Any CPU
	EndGlobalSection
	GlobalSection(NestedProjects) = preSolution
		{F1D372D4-C391-426D-A37A-FE7FA25729CC} = {B028DC2E-99B8-4C16-BB0A-E0F5261DE071}
		{BD01E69E-28AD-4815-A478-BCC90915C368} = {B028DC2E-99B8-4C16-BB0A-E0F5261DE071}
		{E0B7F88D-F5AB-492F-A517-BB869BB49A44} = {C68BD6D5-01E0-49C4-BF52-8ADCC21D6BAE}
		{FB984896-F659-4E95-96C6-EE127868103F} = {C68BD6D5-01E0-49C4-BF52-8ADCC21D6BAE}
		{9185F64B-2751-4C62-9006-BD5E59DB295A} = {C68BD6D5-01E0-49C4-BF52-8ADCC21D6BAE}
		{BCBA3790-24FC-4833-857E-35212E8D4623} = {C68BD6D5-01E0-49C4-BF52-8ADCC21D6BAE}
	EndGlobalSection
EndGlobal
